
Microsoft Visual Studio Solution File, Format Version 12.00
Project("{FAE04EC0-301F-11D3-BF4B-00C04F79EFBC}") = "PracticasModulo8_LINQ", "PracticasModulo8_LINQ\PracticasModulo8_LINQ.csproj", "{1A7C77F4-2CFA-4A1F-8157-330654AF1729}"
EndProject
Global
	GlobalSection(SolutionConfigurationPlatforms) = preSolution
		Debug|Any CPU = Debug|Any CPU
		Release|Any CPU = Release|Any CPU
	EndGlobalSection
	GlobalSection(ProjectConfigurationPlatforms) = postSolution
		{1A7C77F4-2CFA-4A1F-8157-330654AF1729}.Debug|Any CPU.ActiveCfg = Debug|Any CPU
		{1A7C77F4-2CFA-4A1F-8157-330654AF1729}.Debug|Any CPU.Build.0 = Debug|Any CPU
		{1A7C77F4-2CFA-4A1F-8157-330654AF1729}.Release|Any CPU.ActiveCfg = Release|Any CPU
		{1A7C77F4-2CFA-4A1F-8157-330654AF1729}.Release|Any CPU.Build.0 = Release|Any CPU
	EndGlobalSection
EndGlobal
