
Microsoft Visual Studio Solution File, Format Version 12.00
Project("{FAE04EC0-301F-11D3-BF4B-00C04F79EFBC}") = "ConsoleApp1", "ConsoleApp1\ConsoleApp1.csproj", "{1A04F7B0-D9EB-4776-B4A0-66645E48AD9B}"
EndProject
Global
	GlobalSection(SolutionConfigurationPlatforms) = preSolution
		Debug|Any CPU = Debug|Any CPU
		Release|Any CPU = Release|Any CPU
	EndGlobalSection
	GlobalSection(ProjectConfigurationPlatforms) = postSolution
		{1A04F7B0-D9EB-4776-B4A0-66645E48AD9B}.Debug|Any CPU.ActiveCfg = Debug|Any CPU
		{1A04F7B0-D9EB-4776-B4A0-66645E48AD9B}.Debug|Any CPU.Build.0 = Debug|Any CPU
		{1A04F7B0-D9EB-4776-B4A0-66645E48AD9B}.Release|Any CPU.ActiveCfg = Release|Any CPU
		{1A04F7B0-D9EB-4776-B4A0-66645E48AD9B}.Release|Any CPU.Build.0 = Release|Any CPU
	EndGlobalSection
EndGlobal
